
Microsoft Visual Studio Solution File, Format Version 11.00
# Visual Web Developer Express 2010
Project("{FAE04EC0-301F-11D3-BF4B-00C04F79EFBC}") = "FooLike", "FooLike\FooLike.csproj", "{29A0BA8B-5034-417A-8886-3A75A4F77CF4}"
EndProject
Global
	GlobalSection(SolutionConfigurationPlatforms) = preSolution
		Debug|Any CPU = Debug|Any CPU
		Release|Any CPU = Release|Any CPU
	EndGlobalSection
	GlobalSection(ProjectConfigurationPlatforms) = postSolution
		{29A0BA8B-5034-417A-8886-3A75A4F77CF4}.Debug|Any CPU.ActiveCfg = Debug|Any CPU
		{29A0BA8B-5034-417A-8886-3A75A4F77CF4}.Debug|Any CPU.Build.0 = Debug|Any CPU
		{29A0BA8B-5034-417A-8886-3A75A4F77CF4}.Release|Any CPU.ActiveCfg = Release|Any CPU
		{29A0BA8B-5034-417A-8886-3A75A4F77CF4}.Release|Any CPU.Build.0 = Release|Any CPU
	EndGlobalSection
	GlobalSection(SolutionProperties) = preSolution
		HideSolutionNode = FALSE
	EndGlobalSection
EndGlobal
